
Microsoft Visual Studio Solution File, Format Version 12.00
# Visual Studio 15
VisualStudioVersion = 15.0.36001.139
MinimumVisualStudioVersion = 10.0.40219.1
Project("{8BC9CEB8-8B4A-11D0-8D11-00A0C91BC942}") = "floyd-warshall-algorithm", "floyd-warshall-algorithm.vcxproj", "{C9D581EA-7A51-4EAE-9B43-8230BE303878}"
EndProject
Global
	GlobalSection(SolutionConfigurationPlatforms) = preSolution
		Debug|x64 = Debug|x64
		Debug|x86 = Debug|x86
		Release|x64 = Release|x64
		Release|x86 = Release|x86
	EndGlobalSection
	GlobalSection(ProjectConfigurationPlatforms) = postSolution
		{C9D581EA-7A51-4EAE-9B43-8230BE303878}.Debug|x64.ActiveCfg = Debug|x64
		{C9D581EA-7A51-4EAE-9B43-8230BE303878}.Debug|x64.Build.0 = Debug|x64
		{C9D581EA-7A51-4EAE-9B43-8230BE303878}.Debug|x86.ActiveCfg = Debug|Win32
		{C9D581EA-7A51-4EAE-9B43-8230BE303878}.Debug|x86.Build.0 = Debug|Win32
		{C9D581EA-7A51-4EAE-9B43-8230BE303878}.Release|x64.ActiveCfg = Release|x64
		{C9D581EA-7A51-4EAE-9B43-8230BE303878}.Release|x64.Build.0 = Release|x64
		{C9D581EA-7A51-4EAE-9B43-8230BE303878}.Release|x86.ActiveCfg = Release|Win32
		{C9D581EA-7A51-4EAE-9B43-8230BE303878}.Release|x86.Build.0 = Release|Win32
	EndGlobalSection
	GlobalSection(SolutionProperties) = preSolution
		HideSolutionNode = FALSE
	EndGlobalSection
	GlobalSection(ExtensibilityGlobals) = postSolution
		SolutionGuid = {B16F1D71-4583-40AB-9F8E-D57E579C5570}
	EndGlobalSection
EndGlobal
